
Microsoft Visual Studio Solution File, Format Version 11.00
# Visual Studio 2010
Project("{F184B08F-C81C-45F6-A57F-5ABD9991F28F}") = "DownloaderManager", "DownloaderManager\DownloaderManager.vbproj", "{27625F02-7A40-44F6-A5DD-4C87602F949A}"
EndProject
Project("{F184B08F-C81C-45F6-A57F-5ABD9991F28F}") = "PlayerOffLine", "AppTeste\PlayerOffLine.vbproj", "{FAF6B369-103C-4150-907E-09EFAFB3AE7B}"
EndProject
Project("{F184B08F-C81C-45F6-A57F-5ABD9991F28F}") = "GerenciadorArquivos", "ModuloGerenciadorArquivos\GerenciadorArquivos.vbproj", "{38E6667B-2229-49C8-AD36-7A812A5617C9}"
EndProject
Global
	GlobalSection(SolutionConfigurationPlatforms) = preSolution
		Debug|Any CPU = Debug|Any CPU
		Debug|Mixed Platforms = Debug|Mixed Platforms
		Debug|x86 = Debug|x86
		Release|Any CPU = Release|Any CPU
		Release|Mixed Platforms = Release|Mixed Platforms
		Release|x86 = Release|x86
	EndGlobalSection
	GlobalSection(ProjectConfigurationPlatforms) = postSolution
		{27625F02-7A40-44F6-A5DD-4C87602F949A}.Debug|Any CPU.ActiveCfg = Debug|Any CPU
		{27625F02-7A40-44F6-A5DD-4C87602F949A}.Debug|Any CPU.Build.0 = Debug|Any CPU
		{27625F02-7A40-44F6-A5DD-4C87602F949A}.Debug|Mixed Platforms.ActiveCfg = Debug|Any CPU
		{27625F02-7A40-44F6-A5DD-4C87602F949A}.Debug|Mixed Platforms.Build.0 = Debug|Any CPU
		{27625F02-7A40-44F6-A5DD-4C87602F949A}.Debug|x86.ActiveCfg = Debug|Any CPU
		{27625F02-7A40-44F6-A5DD-4C87602F949A}.Release|Any CPU.ActiveCfg = Release|Any CPU
		{27625F02-7A40-44F6-A5DD-4C87602F949A}.Release|Any CPU.Build.0 = Release|Any CPU
		{27625F02-7A40-44F6-A5DD-4C87602F949A}.Release|Mixed Platforms.ActiveCfg = Release|Any CPU
		{27625F02-7A40-44F6-A5DD-4C87602F949A}.Release|Mixed Platforms.Build.0 = Release|Any CPU
		{27625F02-7A40-44F6-A5DD-4C87602F949A}.Release|x86.ActiveCfg = Release|Any CPU
		{FAF6B369-103C-4150-907E-09EFAFB3AE7B}.Debug|Any CPU.ActiveCfg = Debug|x86
		{FAF6B369-103C-4150-907E-09EFAFB3AE7B}.Debug|Mixed Platforms.ActiveCfg = Debug|x86
		{FAF6B369-103C-4150-907E-09EFAFB3AE7B}.Debug|Mixed Platforms.Build.0 = Debug|x86
		{FAF6B369-103C-4150-907E-09EFAFB3AE7B}.Debug|x86.ActiveCfg = Debug|x86
		{FAF6B369-103C-4150-907E-09EFAFB3AE7B}.Debug|x86.Build.0 = Debug|x86
		{FAF6B369-103C-4150-907E-09EFAFB3AE7B}.Release|Any CPU.ActiveCfg = Release|x86
		{FAF6B369-103C-4150-907E-09EFAFB3AE7B}.Release|Mixed Platforms.ActiveCfg = Release|x86
		{FAF6B369-103C-4150-907E-09EFAFB3AE7B}.Release|Mixed Platforms.Build.0 = Release|x86
		{FAF6B369-103C-4150-907E-09EFAFB3AE7B}.Release|x86.ActiveCfg = Release|x86
		{FAF6B369-103C-4150-907E-09EFAFB3AE7B}.Release|x86.Build.0 = Release|x86
		{38E6667B-2229-49C8-AD36-7A812A5617C9}.Debug|Any CPU.ActiveCfg = Debug|Any CPU
		{38E6667B-2229-49C8-AD36-7A812A5617C9}.Debug|Any CPU.Build.0 = Debug|Any CPU
		{38E6667B-2229-49C8-AD36-7A812A5617C9}.Debug|Mixed Platforms.ActiveCfg = Debug|Any CPU
		{38E6667B-2229-49C8-AD36-7A812A5617C9}.Debug|Mixed Platforms.Build.0 = Debug|Any CPU
		{38E6667B-2229-49C8-AD36-7A812A5617C9}.Debug|x86.ActiveCfg = Debug|Any CPU
		{38E6667B-2229-49C8-AD36-7A812A5617C9}.Release|Any CPU.ActiveCfg = Release|Any CPU
		{38E6667B-2229-49C8-AD36-7A812A5617C9}.Release|Any CPU.Build.0 = Release|Any CPU
		{38E6667B-2229-49C8-AD36-7A812A5617C9}.Release|Mixed Platforms.ActiveCfg = Release|Any CPU
		{38E6667B-2229-49C8-AD36-7A812A5617C9}.Release|Mixed Platforms.Build.0 = Release|Any CPU
		{38E6667B-2229-49C8-AD36-7A812A5617C9}.Release|x86.ActiveCfg = Release|Any CPU
	EndGlobalSection
	GlobalSection(SolutionProperties) = preSolution
		HideSolutionNode = FALSE
	EndGlobalSection
EndGlobal
